
Microsoft Visual Studio Solution File, Format Version 12.00
# Visual Studio Version 17
VisualStudioVersion = 17.11.35312.102
MinimumVisualStudioVersion = 10.0.40219.1
Project("{FAE04EC0-301F-11D3-BF4B-00C04F79EFBC}") = "BAIST", "BAIST.csproj", "{0F02DFEF-5DC2-41C2-A6C4-7CA49E7B1C4B}"
EndProject
Global
	GlobalSection(SolutionConfigurationPlatforms) = preSolution
		Debug|Any CPU = Debug|Any CPU
		Release|Any CPU = Release|Any CPU
	EndGlobalSection
	GlobalSection(ProjectConfigurationPlatforms) = postSolution
		{0F02DFEF-5DC2-41C2-A6C4-7CA49E7B1C4B}.Debug|Any CPU.ActiveCfg = Debug|Any CPU
		{0F02DFEF-5DC2-41C2-A6C4-7CA49E7B1C4B}.Debug|Any CPU.Build.0 = Debug|Any CPU
		{0F02DFEF-5DC2-41C2-A6C4-7CA49E7B1C4B}.Release|Any CPU.ActiveCfg = Release|Any CPU
		{0F02DFEF-5DC2-41C2-A6C4-7CA49E7B1C4B}.Release|Any CPU.Build.0 = Release|Any CPU
	EndGlobalSection
	GlobalSection(SolutionProperties) = preSolution
		HideSolutionNode = FALSE
	EndGlobalSection
	GlobalSection(ExtensibilityGlobals) = postSolution
		SolutionGuid = {6C06C3EC-8B46-4CA0-AA72-E4B96DD59826}
	EndGlobalSection
EndGlobal
